{
  "version": 4,
  "terraform_version": "0.13.0",
  "serial": 1,
  "lineage": "7ce52ed3-5526-42e5-be91-3878de5af556",
  "outputs": {},
  "resources": [
    {
      "mode": "managed",
      "type": "aws_vpc",
      "name": "myvpc",
      "provider": "provider[\"registry.terraform.io/hashicorp/aws\"]",
      "instances": [
        {
          "schema_version": 1,
          "attributes": {
            "arn": "arn:aws:ec2:us-west-2:874217345448:vpc/vpc-00992477b24150ca9",
            "assign_generated_ipv6_cidr_block": false,
            "cidr_block": "10.0.0.0/16",
            "default_network_acl_id": "acl-0442cfd5c6703876f",
            "default_route_table_id": "rtb-0ec222232f415fa59",
            "default_security_group_id": "sg-0cd9cd9cfaebd978c",
            "dhcp_options_id": "dopt-9d98fee5",
            "enable_classiclink": false,
            "enable_classiclink_dns_support": false,
            "enable_dns_hostnames": false,
            "enable_dns_support": true,
            "id": "vpc-00992477b24150ca9",
            "instance_tenancy": "default",
            "ipv6_association_id": "",
            "ipv6_cidr_block": "",
            "main_route_table_id": "rtb-0ec222232f415fa59",
            "owner_id": "874217345448",
            "tags": null
          },
          "private": "eyJzY2hlbWFfdmVyc2lvbiI6IjEifQ=="
        }
      ]
    }
  ]
}
